
Microsoft Visual Studio Solution File, Format Version 12.00
# Visual Studio Version 16
VisualStudioVersion = 25.0.1700.0
MinimumVisualStudioVersion = 10.0.40219.1
Project("{FAE04EC0-301F-11D3-BF4B-00C04F79EFBC}") = "MobileTrolleyTours", "MobileTrolleyTours\MobileTrolleyTours.csproj", "{ECEB151C-E7B9-4535-BF71-76CD0D0449DA}"
EndProject
Global
	GlobalSection(SolutionConfigurationPlatforms) = preSolution
		Debug|Any CPU = Debug|Any CPU
		Release|Any CPU = Release|Any CPU
	EndGlobalSection
	GlobalSection(ProjectConfigurationPlatforms) = postSolution
		{ECEB151C-E7B9-4535-BF71-76CD0D0449DA}.Debug|Any CPU.ActiveCfg = Debug|Any CPU
		{ECEB151C-E7B9-4535-BF71-76CD0D0449DA}.Debug|Any CPU.Build.0 = Debug|Any CPU
		{ECEB151C-E7B9-4535-BF71-76CD0D0449DA}.Release|Any CPU.ActiveCfg = Release|Any CPU
		{ECEB151C-E7B9-4535-BF71-76CD0D0449DA}.Release|Any CPU.Build.0 = Release|Any CPU
	EndGlobalSection
	GlobalSection(SolutionProperties) = preSolution
		HideSolutionNode = FALSE
	EndGlobalSection
	GlobalSection(ExtensibilityGlobals) = postSolution
		SolutionGuid = {33D97900-9FCA-4B9E-A7DB-C3DFC9C7F7A2}
	EndGlobalSection
EndGlobal
